{
  "requires": true,
  "lockfileVersion": 1,
  "dependencies": {
    "alloyfinger": {
      "version": "0.1.10",
      "resolved": "https://registry.npmjs.org/alloyfinger/-/alloyfinger-0.1.10.tgz",
      "integrity": "sha512-HjmNVCPywX//hwysL6/SatEwzodgtZIKZ94+IfaOe6Y8uE9ZupufarhsHdTPQ+4wDx9MWeSbxG5+S7HsLSqvBg=="
    },
    "cicons": {
      "version": "2.8.0",
      "resolved": "https://registry.npmjs.org/cicons/-/cicons-2.8.0.tgz",
      "integrity": "sha1-CpQDxtsny7haf+3V3hq+QH2ngSs="
    },
    "fis3-hook-node_modules": {
      "version": "2.2.8",
      "resolved": "https://registry.npmjs.org/fis3-hook-node_modules/-/fis3-hook-node_modules-2.2.8.tgz",
      "integrity": "sha1-EtlWqtaO+htK6QDuzYMNvoRfmYI=",
      "requires": {
        "semver": "5.4.1"
      }
    },
    "semver": {
      "version": "5.4.1",
      "resolved": "https://registry.npmjs.org/semver/-/semver-5.4.1.tgz",
      "integrity": "sha512-WfG/X9+oATh81XtllIo/I8gOiY9EXRdv1cQdyykeXK17YcUW3EXUAi2To4pcH6nZtJPr7ZOpM5OMyWJZm+8Rsg=="
    },
    "zepto": {
      "version": "1.2.0",
      "resolved": "https://registry.npmjs.org/zepto/-/zepto-1.2.0.tgz",
      "integrity": "sha1-4Se9nmb9hGvl6rSME5SIL3wOT5g="
    },
    "zrender": {
      "version": "3.5.2",
      "resolved": "https://registry.npmjs.org/zrender/-/zrender-3.5.2.tgz",
      "integrity": "sha1-53DL6Xi19JgcG5PZuEFHo0dPIdI="
    }
  }
}
